
Microsoft Visual Studio Solution File, Format Version 12.00
# Visual Studio 15
VisualStudioVersion = 15.0.28010.2019
MinimumVisualStudioVersion = 10.0.40219.1
Project("{FAE04EC0-301F-11D3-BF4B-00C04F79EFBC}") = "JetLabRibbon", "JetLabRibbon\JetLabRibbon.csproj", "{B4A2F7AA-155C-4046-A868-68D848EA127C}"
EndProject
Global
	GlobalSection(SolutionConfigurationPlatforms) = preSolution
		Debug|Any CPU = Debug|Any CPU
		Release|Any CPU = Release|Any CPU
	EndGlobalSection
	GlobalSection(ProjectConfigurationPlatforms) = postSolution
		{B4A2F7AA-155C-4046-A868-68D848EA127C}.Debug|Any CPU.ActiveCfg = Debug|Any CPU
		{B4A2F7AA-155C-4046-A868-68D848EA127C}.Debug|Any CPU.Build.0 = Debug|Any CPU
		{B4A2F7AA-155C-4046-A868-68D848EA127C}.Release|Any CPU.ActiveCfg = Release|Any CPU
		{B4A2F7AA-155C-4046-A868-68D848EA127C}.Release|Any CPU.Build.0 = Release|Any CPU
	EndGlobalSection
	GlobalSection(SolutionProperties) = preSolution
		HideSolutionNode = FALSE
	EndGlobalSection
	GlobalSection(ExtensibilityGlobals) = postSolution
		SolutionGuid = {2A48924D-8F28-444E-9F9B-7188D5228095}
	EndGlobalSection
EndGlobal
